# THIS IS AN AUTOGENERATED FILE. DO NOT EDIT THIS FILE DIRECTLY.
# yarn lockfile v1


mobx-react-lite@^3.2.0:
  version "3.2.0"
  resolved "https://registry.yarnpkg.com/mobx-react-lite/-/mobx-react-lite-3.2.0.tgz#331d7365a6b053378dfe9c087315b4e41c5df69f"
  integrity sha512-q5+UHIqYCOpBoFm/PElDuOhbcatvTllgRp3M1s+Hp5j0Z6XNgDbgqxawJ0ZAUEyKM8X1zs70PCuhAIzX1f4Q/g==

mobx-react@^7.1.0:
  version "7.1.0"
  resolved "https://registry.yarnpkg.com/mobx-react/-/mobx-react-7.1.0.tgz#d947cada3cfad294b4b6f692e969c242b9c16eaf"
  integrity sha512-DxvA6VXmnZ+N9f/UTtolWtdRnAAQY2iHWTSPLktfpj8NKlXUe4dabBAjuXrBcZUM8GjLWnxD1ZEjssXq1M0RAw==
  dependencies:
    mobx-react-lite "^3.2.0"

mobx@^6.1.8:
  version "6.1.8"
  resolved "https://registry.yarnpkg.com/mobx/-/mobx-6.1.8.tgz#5d03cb76d8f7694dd82bfb2578d886945b66450d"
  integrity sha512-U4yCvUeh6yKXRwFxm2lyJjXPVekOEar/R8ZKWAXem/3fthJqYflViawfjDAUh7lZEvbKqljC3NT/pSaUKpE+gg==
